{
  "name": "sentence-case-mpr",
  "version": "1.0.0",
  "lockfileVersion": 3,
  "requires": true,
  "packages": {
    "": {
      "name": "sentence-case-mpr",
      "version": "1.0.0",
      "license": "ISC",
      "dependencies": {
        "sentence-case-mpr": "^1.1.0"
      }
    },
    "node_modules/sentence-case-mpr": {
      "version": "1.1.0",
      "resolved": "https://registry.npmjs.org/sentence-case-mpr/-/sentence-case-mpr-1.1.0.tgz",
      "integrity": "sha512-DXJeJI8eQuvOgIYa1Z1qqpzOeqGx+953rbgmaHFTV79snIa/buI1j3JJnHwh89cnXgXlbrJdM7Gy70OXyeXYfg=="
    }
  }
}
